// !$*UTF8*$!
{
	archiveVersion = 1;
	classes = {
	};
	objectVersion = 56;
	objects = {

/* Begin PBXBuildFile section */
		7F46266A2C90983D00DDB4C3 /* TrainTroopsView.swift in Sources */ = {isa = PBXBuildFile; fileRef = 7F4626692C90983D00DDB4C3 /* TrainTroopsView.swift */; };
		7F46266C2C909A1100DDB4C3 /* ChatView.swift in Sources */ = {isa = PBXBuildFile; fileRef = 7F46266B2C909A1100DDB4C3 /* ChatView.swift */; };
		7F4626702C90A42E00DDB4C3 /* ClanViewModifier.swift in Sources */ = {isa = PBXBuildFile; fileRef = 7F46266F2C90A42E00DDB4C3 /* ClanViewModifier.swift */; };
		7F4626722C90A47500DDB4C3 /* ClanViewExtensions.swift in Sources */ = {isa = PBXBuildFile; fileRef = 7F4626712C90A47500DDB4C3 /* ClanViewExtensions.swift */; };
		7F4626742C90A4A600DDB4C3 /* ClanViewModel.swift in Sources */ = {isa = PBXBuildFile; fileRef = 7F4626732C90A4A600DDB4C3 /* ClanViewModel.swift */; };
		7F7654D42C8F1AAB0080E3CA /* VocabView.swift in Sources */ = {isa = PBXBuildFile; fileRef = 7F7654D32C8F1AAB0080E3CA /* VocabView.swift */; };
		7F7654D62C8F34180080E3CA /* QuizViewModifiers.swift in Sources */ = {isa = PBXBuildFile; fileRef = 7F7654D52C8F34180080E3CA /* QuizViewModifiers.swift */; };
		7F7654D82C8F343C0080E3CA /* QuizViewExtensions.swift in Sources */ = {isa = PBXBuildFile; fileRef = 7F7654D72C8F343C0080E3CA /* QuizViewExtensions.swift */; };
		7F7654DA2C8F345F0080E3CA /* QuizViewModel.swift in Sources */ = {isa = PBXBuildFile; fileRef = 7F7654D92C8F345F0080E3CA /* QuizViewModel.swift */; };
		7F781BE02C8C325F0090E225 /* FunLabView.swift in Sources */ = {isa = PBXBuildFile; fileRef = 7F781BDF2C8C325F0090E225 /* FunLabView.swift */; };
		7F781BE22C8C34A20090E225 /* QuizView.swift in Sources */ = {isa = PBXBuildFile; fileRef = 7F781BE12C8C34A20090E225 /* QuizView.swift */; };
		7F781BE42C8C34BF0090E225 /* ClanView.swift in Sources */ = {isa = PBXBuildFile; fileRef = 7F781BE32C8C34BF0090E225 /* ClanView.swift */; };
		7F781BE62C8C34DB0090E225 /* EducaAIView.swift in Sources */ = {isa = PBXBuildFile; fileRef = 7F781BE52C8C34DB0090E225 /* EducaAIView.swift */; };
		7F945E912C8CA4200081245F /* HomeViewModel.swift in Sources */ = {isa = PBXBuildFile; fileRef = 7F945E902C8CA4200081245F /* HomeViewModel.swift */; };
		7FBC62B62C8DBE8D004AB1E0 /* MathView.swift in Sources */ = {isa = PBXBuildFile; fileRef = 7FBC62B52C8DBE8D004AB1E0 /* MathView.swift */; };
		7FDB00442C93F54000A03E87 /* SplineRuntime in Frameworks */ = {isa = PBXBuildFile; productRef = 7FDB00432C93F54000A03E87 /* SplineRuntime */; };
		7FDB00462C94011400A03E87 /* BioView.swift in Sources */ = {isa = PBXBuildFile; fileRef = 7FDB00452C94011400A03E87 /* BioView.swift */; };
		7FDB004A2C940AC100A03E87 /* RoboticsLabView.swift in Sources */ = {isa = PBXBuildFile; fileRef = 7FDB00492C940AC100A03E87 /* RoboticsLabView.swift */; };
		7FDB004C2C940F5500A03E87 /* AbstractLabView.swift in Sources */ = {isa = PBXBuildFile; fileRef = 7FDB004B2C940F5500A03E87 /* AbstractLabView.swift */; };
		7FDB004E2C941E4800A03E87 /* EnvironmentLabView.swift in Sources */ = {isa = PBXBuildFile; fileRef = 7FDB004D2C941E4800A03E87 /* EnvironmentLabView.swift */; };
		7FDB00502C943D4800A03E87 /* GlobalChatView.swift in Sources */ = {isa = PBXBuildFile; fileRef = 7FDB004F2C943D4800A03E87 /* GlobalChatView.swift */; };
		7FE892C72C91C8AD005B4FC8 /* MathTrainView.swift in Sources */ = {isa = PBXBuildFile; fileRef = 7FE892C62C91C8AD005B4FC8 /* MathTrainView.swift */; };
		7FE892C92C91C8CC005B4FC8 /* VocabTrainView.swift in Sources */ = {isa = PBXBuildFile; fileRef = 7FE892C82C91C8CC005B4FC8 /* VocabTrainView.swift */; };
		7FE892CB2C91EFF1005B4FC8 /* VocabTrainViewModifiers.swift in Sources */ = {isa = PBXBuildFile; fileRef = 7FE892CA2C91EFF1005B4FC8 /* VocabTrainViewModifiers.swift */; };
		7FE892CD2C91F015005B4FC8 /* MathTrainViewModifiers.swift in Sources */ = {isa = PBXBuildFile; fileRef = 7FE892CC2C91F015005B4FC8 /* MathTrainViewModifiers.swift */; };
		7FE892CF2C91F061005B4FC8 /* MathViewModifiers.swift in Sources */ = {isa = PBXBuildFile; fileRef = 7FE892CE2C91F061005B4FC8 /* MathViewModifiers.swift */; };
		7FE892D12C91F0A7005B4FC8 /* VocabTrainViewExtensions.swift in Sources */ = {isa = PBXBuildFile; fileRef = 7FE892D02C91F0A7005B4FC8 /* VocabTrainViewExtensions.swift */; };
		7FE892D32C91F0CB005B4FC8 /* MathTrainViewExtensions.swift in Sources */ = {isa = PBXBuildFile; fileRef = 7FE892D22C91F0CB005B4FC8 /* MathTrainViewExtensions.swift */; };
		7FE892D52C91F0F8005B4FC8 /* MathViewExtensions.swift in Sources */ = {isa = PBXBuildFile; fileRef = 7FE892D42C91F0F8005B4FC8 /* MathViewExtensions.swift */; };
		7FE892D72C91F11F005B4FC8 /* VocabViewModifiers.swift in Sources */ = {isa = PBXBuildFile; fileRef = 7FE892D62C91F11F005B4FC8 /* VocabViewModifiers.swift */; };
		7FE892D92C91F154005B4FC8 /* VocabViewExtensions.swift in Sources */ = {isa = PBXBuildFile; fileRef = 7FE892D82C91F154005B4FC8 /* VocabViewExtensions.swift */; };
		7FE892DB2C91F17D005B4FC8 /* TrainTroopsViewModifiers.swift in Sources */ = {isa = PBXBuildFile; fileRef = 7FE892DA2C91F17D005B4FC8 /* TrainTroopsViewModifiers.swift */; };
		7FE892DD2C91F1B6005B4FC8 /* TrainTroopsViewExtensions.swift in Sources */ = {isa = PBXBuildFile; fileRef = 7FE892DC2C91F1B6005B4FC8 /* TrainTroopsViewExtensions.swift */; };
		7FE892DF2C91F20B005B4FC8 /* VocabTrainViewModel.swift in Sources */ = {isa = PBXBuildFile; fileRef = 7FE892DE2C91F20B005B4FC8 /* VocabTrainViewModel.swift */; };
		7FE892E12C91F305005B4FC8 /* MathTrainViewModel.swift in Sources */ = {isa = PBXBuildFile; fileRef = 7FE892E02C91F305005B4FC8 /* MathTrainViewModel.swift */; };
		7FE892E32C91F3B7005B4FC8 /* MathViewModel.swift in Sources */ = {isa = PBXBuildFile; fileRef = 7FE892E22C91F3B7005B4FC8 /* MathViewModel.swift */; };
		7FE892E52C91F445005B4FC8 /* VocabViewModel.swift in Sources */ = {isa = PBXBuildFile; fileRef = 7FE892E42C91F445005B4FC8 /* VocabViewModel.swift */; };
		7FEB39D52C8C5290006166DE /* HomeViewModifiers.swift in Sources */ = {isa = PBXBuildFile; fileRef = 7FEB39D42C8C5290006166DE /* HomeViewModifiers.swift */; };
		7FEB39D72C8C5387006166DE /* HomeViewExtensions.swift in Sources */ = {isa = PBXBuildFile; fileRef = 7FEB39D62C8C5387006166DE /* HomeViewExtensions.swift */; };
		E813C7272C77853E00167B49 /* EducaFunApp.swift in Sources */ = {isa = PBXBuildFile; fileRef = E813C7262C77853E00167B49 /* EducaFunApp.swift */; };
		E813C7292C77853E00167B49 /* ContentView.swift in Sources */ = {isa = PBXBuildFile; fileRef = E813C7282C77853E00167B49 /* ContentView.swift */; };
		E813C72B2C77853F00167B49 /* Assets.xcassets in Resources */ = {isa = PBXBuildFile; fileRef = E813C72A2C77853F00167B49 /* Assets.xcassets */; };
		E813C72E2C77853F00167B49 /* Preview Assets.xcassets in Resources */ = {isa = PBXBuildFile; fileRef = E813C72D2C77853F00167B49 /* Preview Assets.xcassets */; };
		E813C7372C7794BA00167B49 /* RegisterView.swift in Sources */ = {isa = PBXBuildFile; fileRef = E813C7362C7794BA00167B49 /* RegisterView.swift */; };
		E813C7392C7796A700167B49 /* LoginView.swift in Sources */ = {isa = PBXBuildFile; fileRef = E813C7382C7796A700167B49 /* LoginView.swift */; };
		E813C7402C799FAD00167B49 /* LoginViewExtensions.swift in Sources */ = {isa = PBXBuildFile; fileRef = E813C73F2C799FAD00167B49 /* LoginViewExtensions.swift */; };
		E813C7432C79A02D00167B49 /* LoginViewViewModifiers.swift in Sources */ = {isa = PBXBuildFile; fileRef = E813C7422C79A02D00167B49 /* LoginViewViewModifiers.swift */; };
		E813C7462C79A22800167B49 /* RegisterViewExtensions.swift in Sources */ = {isa = PBXBuildFile; fileRef = E813C7452C79A22800167B49 /* RegisterViewExtensions.swift */; };
		E813C7482C79A24900167B49 /* RegisterViewViewModifiers.swift in Sources */ = {isa = PBXBuildFile; fileRef = E813C7472C79A24900167B49 /* RegisterViewViewModifiers.swift */; };
		E813C74A2C79A27B00167B49 /* LoginViewViewModel.swift in Sources */ = {isa = PBXBuildFile; fileRef = E813C7492C79A27B00167B49 /* LoginViewViewModel.swift */; };
		E813C74C2C79A28600167B49 /* RegisterViewViewModel.swift in Sources */ = {isa = PBXBuildFile; fileRef = E813C74B2C79A28600167B49 /* RegisterViewViewModel.swift */; };
		E813C74F2C79A3EC00167B49 /* CustomColors.swift in Sources */ = {isa = PBXBuildFile; fileRef = E813C74E2C79A3EC00167B49 /* CustomColors.swift */; };
		E813C7512C79AE3B00167B49 /* UserModel.swift in Sources */ = {isa = PBXBuildFile; fileRef = E813C7502C79AE3B00167B49 /* UserModel.swift */; };
		E813C7562C79D30900167B49 /* KeychainSwift in Frameworks */ = {isa = PBXBuildFile; productRef = E813C7552C79D30900167B49 /* KeychainSwift */; };
		E813C7582C79DF4200167B49 /* KeychainManager.swift in Sources */ = {isa = PBXBuildFile; fileRef = E813C7572C79DF4200167B49 /* KeychainManager.swift */; };
		E813C75A2C79E63800167B49 /* SessionModel.swift in Sources */ = {isa = PBXBuildFile; fileRef = E813C7592C79E63800167B49 /* SessionModel.swift */; };
		E813C75C2C79F63600167B49 /* TestView.swift in Sources */ = {isa = PBXBuildFile; fileRef = E813C75B2C79F63600167B49 /* TestView.swift */; };
		E813C75E2C79F8E100167B49 /* ContentViewViewModel.swift in Sources */ = {isa = PBXBuildFile; fileRef = E813C75D2C79F8E100167B49 /* ContentViewViewModel.swift */; };
		E813C7602C7A009200167B49 /* RefreshTokenModel.swift in Sources */ = {isa = PBXBuildFile; fileRef = E813C75F2C7A009200167B49 /* RefreshTokenModel.swift */; };
		E813C7622C7A0E6A00167B49 /* HomePageView.swift in Sources */ = {isa = PBXBuildFile; fileRef = E813C7612C7A0E6A00167B49 /* HomePageView.swift */; };
		E813C7652C7AE84400167B49 /* AlertToast in Frameworks */ = {isa = PBXBuildFile; productRef = E813C7642C7AE84400167B49 /* AlertToast */; };
		E813C7BD2C90A98A00167B49 /* SocketIOManager.swift in Sources */ = {isa = PBXBuildFile; fileRef = E813C7BC2C90A98A00167B49 /* SocketIOManager.swift */; };
		E813C7C02C90A9AD00167B49 /* SocketIO in Frameworks */ = {isa = PBXBuildFile; productRef = E813C7BF2C90A9AD00167B49 /* SocketIO */; };
/* End PBXBuildFile section */

/* Begin PBXFileReference section */
		7F4626692C90983D00DDB4C3 /* TrainTroopsView.swift */ = {isa = PBXFileReference; lastKnownFileType = sourcecode.swift; path = TrainTroopsView.swift; sourceTree = "<group>"; };
		7F46266B2C909A1100DDB4C3 /* ChatView.swift */ = {isa = PBXFileReference; lastKnownFileType = sourcecode.swift; path = ChatView.swift; sourceTree = "<group>"; };
		7F46266F2C90A42E00DDB4C3 /* ClanViewModifier.swift */ = {isa = PBXFileReference; lastKnownFileType = sourcecode.swift; path = ClanViewModifier.swift; sourceTree = "<group>"; };
		7F4626712C90A47500DDB4C3 /* ClanViewExtensions.swift */ = {isa = PBXFileReference; lastKnownFileType = sourcecode.swift; path = ClanViewExtensions.swift; sourceTree = "<group>"; };
		7F4626732C90A4A600DDB4C3 /* ClanViewModel.swift */ = {isa = PBXFileReference; lastKnownFileType = sourcecode.swift; path = ClanViewModel.swift; sourceTree = "<group>"; };
		7F7654D32C8F1AAB0080E3CA /* VocabView.swift */ = {isa = PBXFileReference; lastKnownFileType = sourcecode.swift; path = VocabView.swift; sourceTree = "<group>"; };
		7F7654D52C8F34180080E3CA /* QuizViewModifiers.swift */ = {isa = PBXFileReference; lastKnownFileType = sourcecode.swift; path = QuizViewModifiers.swift; sourceTree = "<group>"; };
		7F7654D72C8F343C0080E3CA /* QuizViewExtensions.swift */ = {isa = PBXFileReference; lastKnownFileType = sourcecode.swift; path = QuizViewExtensions.swift; sourceTree = "<group>"; };
		7F7654D92C8F345F0080E3CA /* QuizViewModel.swift */ = {isa = PBXFileReference; lastKnownFileType = sourcecode.swift; path = QuizViewModel.swift; sourceTree = "<group>"; };
		7F781BDF2C8C325F0090E225 /* FunLabView.swift */ = {isa = PBXFileReference; lastKnownFileType = sourcecode.swift; path = FunLabView.swift; sourceTree = "<group>"; };
		7F781BE12C8C34A20090E225 /* QuizView.swift */ = {isa = PBXFileReference; lastKnownFileType = sourcecode.swift; path = QuizView.swift; sourceTree = "<group>"; };
		7F781BE32C8C34BF0090E225 /* ClanView.swift */ = {isa = PBXFileReference; lastKnownFileType = sourcecode.swift; path = ClanView.swift; sourceTree = "<group>"; };
		7F781BE52C8C34DB0090E225 /* EducaAIView.swift */ = {isa = PBXFileReference; lastKnownFileType = sourcecode.swift; path = EducaAIView.swift; sourceTree = "<group>"; };
		7F945E902C8CA4200081245F /* HomeViewModel.swift */ = {isa = PBXFileReference; lastKnownFileType = sourcecode.swift; path = HomeViewModel.swift; sourceTree = "<group>"; };
		7FBC62B52C8DBE8D004AB1E0 /* MathView.swift */ = {isa = PBXFileReference; lastKnownFileType = sourcecode.swift; path = MathView.swift; sourceTree = "<group>"; };
		7FDB00452C94011400A03E87 /* BioView.swift */ = {isa = PBXFileReference; lastKnownFileType = sourcecode.swift; path = BioView.swift; sourceTree = "<group>"; };
		7FDB00492C940AC100A03E87 /* RoboticsLabView.swift */ = {isa = PBXFileReference; lastKnownFileType = sourcecode.swift; path = RoboticsLabView.swift; sourceTree = "<group>"; };
		7FDB004B2C940F5500A03E87 /* AbstractLabView.swift */ = {isa = PBXFileReference; lastKnownFileType = sourcecode.swift; path = AbstractLabView.swift; sourceTree = "<group>"; };
		7FDB004D2C941E4800A03E87 /* EnvironmentLabView.swift */ = {isa = PBXFileReference; lastKnownFileType = sourcecode.swift; path = EnvironmentLabView.swift; sourceTree = "<group>"; };
		7FDB004F2C943D4800A03E87 /* GlobalChatView.swift */ = {isa = PBXFileReference; lastKnownFileType = sourcecode.swift; path = GlobalChatView.swift; sourceTree = "<group>"; };
		7FE892C62C91C8AD005B4FC8 /* MathTrainView.swift */ = {isa = PBXFileReference; lastKnownFileType = sourcecode.swift; path = MathTrainView.swift; sourceTree = "<group>"; };
		7FE892C82C91C8CC005B4FC8 /* VocabTrainView.swift */ = {isa = PBXFileReference; lastKnownFileType = sourcecode.swift; path = VocabTrainView.swift; sourceTree = "<group>"; };
		7FE892CA2C91EFF1005B4FC8 /* VocabTrainViewModifiers.swift */ = {isa = PBXFileReference; lastKnownFileType = sourcecode.swift; path = VocabTrainViewModifiers.swift; sourceTree = "<group>"; };
		7FE892CC2C91F015005B4FC8 /* MathTrainViewModifiers.swift */ = {isa = PBXFileReference; lastKnownFileType = sourcecode.swift; path = MathTrainViewModifiers.swift; sourceTree = "<group>"; };
		7FE892CE2C91F061005B4FC8 /* MathViewModifiers.swift */ = {isa = PBXFileReference; lastKnownFileType = sourcecode.swift; path = MathViewModifiers.swift; sourceTree = "<group>"; };
		7FE892D02C91F0A7005B4FC8 /* VocabTrainViewExtensions.swift */ = {isa = PBXFileReference; lastKnownFileType = sourcecode.swift; path = VocabTrainViewExtensions.swift; sourceTree = "<group>"; };
		7FE892D22C91F0CB005B4FC8 /* MathTrainViewExtensions.swift */ = {isa = PBXFileReference; lastKnownFileType = sourcecode.swift; path = MathTrainViewExtensions.swift; sourceTree = "<group>"; };
		7FE892D42C91F0F8005B4FC8 /* MathViewExtensions.swift */ = {isa = PBXFileReference; lastKnownFileType = sourcecode.swift; path = MathViewExtensions.swift; sourceTree = "<group>"; };
		7FE892D62C91F11F005B4FC8 /* VocabViewModifiers.swift */ = {isa = PBXFileReference; lastKnownFileType = sourcecode.swift; path = VocabViewModifiers.swift; sourceTree = "<group>"; };
		7FE892D82C91F154005B4FC8 /* VocabViewExtensions.swift */ = {isa = PBXFileReference; lastKnownFileType = sourcecode.swift; path = VocabViewExtensions.swift; sourceTree = "<group>"; };
		7FE892DA2C91F17D005B4FC8 /* TrainTroopsViewModifiers.swift */ = {isa = PBXFileReference; lastKnownFileType = sourcecode.swift; path = TrainTroopsViewModifiers.swift; sourceTree = "<group>"; };
		7FE892DC2C91F1B6005B4FC8 /* TrainTroopsViewExtensions.swift */ = {isa = PBXFileReference; lastKnownFileType = sourcecode.swift; path = TrainTroopsViewExtensions.swift; sourceTree = "<group>"; };
		7FE892DE2C91F20B005B4FC8 /* VocabTrainViewModel.swift */ = {isa = PBXFileReference; lastKnownFileType = sourcecode.swift; path = VocabTrainViewModel.swift; sourceTree = "<group>"; };
		7FE892E02C91F305005B4FC8 /* MathTrainViewModel.swift */ = {isa = PBXFileReference; lastKnownFileType = sourcecode.swift; path = MathTrainViewModel.swift; sourceTree = "<group>"; };
		7FE892E22C91F3B7005B4FC8 /* MathViewModel.swift */ = {isa = PBXFileReference; lastKnownFileType = sourcecode.swift; path = MathViewModel.swift; sourceTree = "<group>"; };
		7FE892E42C91F445005B4FC8 /* VocabViewModel.swift */ = {isa = PBXFileReference; lastKnownFileType = sourcecode.swift; path = VocabViewModel.swift; sourceTree = "<group>"; };
		7FEB39D42C8C5290006166DE /* HomeViewModifiers.swift */ = {isa = PBXFileReference; lastKnownFileType = sourcecode.swift; path = HomeViewModifiers.swift; sourceTree = "<group>"; };
		7FEB39D62C8C5387006166DE /* HomeViewExtensions.swift */ = {isa = PBXFileReference; lastKnownFileType = sourcecode.swift; path = HomeViewExtensions.swift; sourceTree = "<group>"; };
		E813C7232C77853E00167B49 /* EducaFun.app */ = {isa = PBXFileReference; explicitFileType = wrapper.application; includeInIndex = 0; path = EducaFun.app; sourceTree = BUILT_PRODUCTS_DIR; };
		E813C7262C77853E00167B49 /* EducaFunApp.swift */ = {isa = PBXFileReference; lastKnownFileType = sourcecode.swift; path = EducaFunApp.swift; sourceTree = "<group>"; };
		E813C7282C77853E00167B49 /* ContentView.swift */ = {isa = PBXFileReference; lastKnownFileType = sourcecode.swift; path = ContentView.swift; sourceTree = "<group>"; };
		E813C72A2C77853F00167B49 /* Assets.xcassets */ = {isa = PBXFileReference; lastKnownFileType = folder.assetcatalog; path = Assets.xcassets; sourceTree = "<group>"; };
		E813C72D2C77853F00167B49 /* Preview Assets.xcassets */ = {isa = PBXFileReference; lastKnownFileType = folder.assetcatalog; path = "Preview Assets.xcassets"; sourceTree = "<group>"; };
		E813C7362C7794BA00167B49 /* RegisterView.swift */ = {isa = PBXFileReference; lastKnownFileType = sourcecode.swift; path = RegisterView.swift; sourceTree = "<group>"; };
		E813C7382C7796A700167B49 /* LoginView.swift */ = {isa = PBXFileReference; fileEncoding = 4; lastKnownFileType = sourcecode.swift; path = LoginView.swift; sourceTree = "<group>"; };
		E813C73F2C799FAD00167B49 /* LoginViewExtensions.swift */ = {isa = PBXFileReference; lastKnownFileType = sourcecode.swift; path = LoginViewExtensions.swift; sourceTree = "<group>"; };
		E813C7422C79A02D00167B49 /* LoginViewViewModifiers.swift */ = {isa = PBXFileReference; lastKnownFileType = sourcecode.swift; path = LoginViewViewModifiers.swift; sourceTree = "<group>"; };
		E813C7452C79A22800167B49 /* RegisterViewExtensions.swift */ = {isa = PBXFileReference; lastKnownFileType = sourcecode.swift; path = RegisterViewExtensions.swift; sourceTree = "<group>"; };
		E813C7472C79A24900167B49 /* RegisterViewViewModifiers.swift */ = {isa = PBXFileReference; lastKnownFileType = sourcecode.swift; path = RegisterViewViewModifiers.swift; sourceTree = "<group>"; };
		E813C7492C79A27B00167B49 /* LoginViewViewModel.swift */ = {isa = PBXFileReference; lastKnownFileType = sourcecode.swift; path = LoginViewViewModel.swift; sourceTree = "<group>"; };
		E813C74B2C79A28600167B49 /* RegisterViewViewModel.swift */ = {isa = PBXFileReference; lastKnownFileType = sourcecode.swift; path = RegisterViewViewModel.swift; sourceTree = "<group>"; };
		E813C74E2C79A3EC00167B49 /* CustomColors.swift */ = {isa = PBXFileReference; lastKnownFileType = sourcecode.swift; path = CustomColors.swift; sourceTree = "<group>"; };
		E813C7502C79AE3B00167B49 /* UserModel.swift */ = {isa = PBXFileReference; lastKnownFileType = sourcecode.swift; path = UserModel.swift; sourceTree = "<group>"; };
		E813C7572C79DF4200167B49 /* KeychainManager.swift */ = {isa = PBXFileReference; lastKnownFileType = sourcecode.swift; path = KeychainManager.swift; sourceTree = "<group>"; };
		E813C7592C79E63800167B49 /* SessionModel.swift */ = {isa = PBXFileReference; lastKnownFileType = sourcecode.swift; path = SessionModel.swift; sourceTree = "<group>"; };
		E813C75B2C79F63600167B49 /* TestView.swift */ = {isa = PBXFileReference; lastKnownFileType = sourcecode.swift; path = TestView.swift; sourceTree = "<group>"; };
		E813C75D2C79F8E100167B49 /* ContentViewViewModel.swift */ = {isa = PBXFileReference; lastKnownFileType = sourcecode.swift; path = ContentViewViewModel.swift; sourceTree = "<group>"; };
		E813C75F2C7A009200167B49 /* RefreshTokenModel.swift */ = {isa = PBXFileReference; lastKnownFileType = sourcecode.swift; path = RefreshTokenModel.swift; sourceTree = "<group>"; };
		E813C7612C7A0E6A00167B49 /* HomePageView.swift */ = {isa = PBXFileReference; lastKnownFileType = sourcecode.swift; path = HomePageView.swift; sourceTree = "<group>"; };
		E813C7BC2C90A98A00167B49 /* SocketIOManager.swift */ = {isa = PBXFileReference; lastKnownFileType = sourcecode.swift; path = SocketIOManager.swift; sourceTree = "<group>"; };
/* End PBXFileReference section */

/* Begin PBXFrameworksBuildPhase section */
		E813C7202C77853E00167B49 /* Frameworks */ = {
			isa = PBXFrameworksBuildPhase;
			buildActionMask = 2147483647;
			files = (
				7FDB00442C93F54000A03E87 /* SplineRuntime in Frameworks */,
				E813C7562C79D30900167B49 /* KeychainSwift in Frameworks */,
				E813C7652C7AE84400167B49 /* AlertToast in Frameworks */,
				E813C7C02C90A9AD00167B49 /* SocketIO in Frameworks */,
			);
			runOnlyForDeploymentPostprocessing = 0;
		};
/* End PBXFrameworksBuildPhase section */

/* Begin PBXGroup section */
		E813C71A2C77853E00167B49 = {
			isa = PBXGroup;
			children = (
				E813C7252C77853E00167B49 /* EducaFun */,
				E813C7242C77853E00167B49 /* Products */,
			);
			sourceTree = "<group>";
		};
		E813C7242C77853E00167B49 /* Products */ = {
			isa = PBXGroup;
			children = (
				E813C7232C77853E00167B49 /* EducaFun.app */,
			);
			name = Products;
			sourceTree = "<group>";
		};
		E813C7252C77853E00167B49 /* EducaFun */ = {
			isa = PBXGroup;
			children = (
				E813C73D2C799F6600167B49 /* Helper */,
				E813C73C2C799F1200167B49 /* Models */,
				E813C73B2C799F0B00167B49 /* ViewModels */,
				E813C73A2C799F0500167B49 /* Views */,
				E813C7262C77853E00167B49 /* EducaFunApp.swift */,
				E813C72A2C77853F00167B49 /* Assets.xcassets */,
				E813C72C2C77853F00167B49 /* Preview Content */,
			);
			path = EducaFun;
			sourceTree = "<group>";
		};
		E813C72C2C77853F00167B49 /* Preview Content */ = {
			isa = PBXGroup;
			children = (
				E813C72D2C77853F00167B49 /* Preview Assets.xcassets */,
			);
			path = "Preview Content";
			sourceTree = "<group>";
		};
		E813C73A2C799F0500167B49 /* Views */ = {
			isa = PBXGroup;
			children = (
				E813C7282C77853E00167B49 /* ContentView.swift */,
				E813C7362C7794BA00167B49 /* RegisterView.swift */,
				E813C7382C7796A700167B49 /* LoginView.swift */,
				E813C75B2C79F63600167B49 /* TestView.swift */,
				E813C7612C7A0E6A00167B49 /* HomePageView.swift */,
				7F4626692C90983D00DDB4C3 /* TrainTroopsView.swift */,
				7F46266B2C909A1100DDB4C3 /* ChatView.swift */,
				7FDB004F2C943D4800A03E87 /* GlobalChatView.swift */,
				7FE892C82C91C8CC005B4FC8 /* VocabTrainView.swift */,
				7FE892C62C91C8AD005B4FC8 /* MathTrainView.swift */,
				7F781BE52C8C34DB0090E225 /* EducaAIView.swift */,
				7F781BE32C8C34BF0090E225 /* ClanView.swift */,
				7F781BE12C8C34A20090E225 /* QuizView.swift */,
				7FBC62B52C8DBE8D004AB1E0 /* MathView.swift */,
				7F7654D32C8F1AAB0080E3CA /* VocabView.swift */,
				7F781BDF2C8C325F0090E225 /* FunLabView.swift */,
				7FDB004D2C941E4800A03E87 /* EnvironmentLabView.swift */,
				7FDB00492C940AC100A03E87 /* RoboticsLabView.swift */,
				7FDB004B2C940F5500A03E87 /* AbstractLabView.swift */,
				7FDB00452C94011400A03E87 /* BioView.swift */,
			);
			path = Views;
			sourceTree = "<group>";
		};
		E813C73B2C799F0B00167B49 /* ViewModels */ = {
			isa = PBXGroup;
			children = (
				E813C7492C79A27B00167B49 /* LoginViewViewModel.swift */,
				E813C74B2C79A28600167B49 /* RegisterViewViewModel.swift */,
				E813C75D2C79F8E100167B49 /* ContentViewViewModel.swift */,
				7F7654D92C8F345F0080E3CA /* QuizViewModel.swift */,
				7FE892E02C91F305005B4FC8 /* MathTrainViewModel.swift */,
				7FE892E22C91F3B7005B4FC8 /* MathViewModel.swift */,
				7FE892E42C91F445005B4FC8 /* VocabViewModel.swift */,
				7FE892DE2C91F20B005B4FC8 /* VocabTrainViewModel.swift */,
				7F4626732C90A4A600DDB4C3 /* ClanViewModel.swift */,
				7F945E902C8CA4200081245F /* HomeViewModel.swift */,
			);
			path = ViewModels;
			sourceTree = "<group>";
		};
		E813C73C2C799F1200167B49 /* Models */ = {
			isa = PBXGroup;
			children = (
				E813C7502C79AE3B00167B49 /* UserModel.swift */,
				E813C7592C79E63800167B49 /* SessionModel.swift */,
				E813C75F2C7A009200167B49 /* RefreshTokenModel.swift */,
			);
			path = Models;
			sourceTree = "<group>";
		};
		E813C73D2C799F6600167B49 /* Helper */ = {
			isa = PBXGroup;
			children = (
				E813C7BB2C90A97A00167B49 /* Managers */,
				E813C74D2C79A3E100167B49 /* Customs */,
				E813C7412C799FED00167B49 /* ViewModifiers */,
				E813C73E2C799F6B00167B49 /* Extensions */,
			);
			path = Helper;
			sourceTree = "<group>";
		};
		E813C73E2C799F6B00167B49 /* Extensions */ = {
			isa = PBXGroup;
			children = (
				E813C73F2C799FAD00167B49 /* LoginViewExtensions.swift */,
				7F7654D72C8F343C0080E3CA /* QuizViewExtensions.swift */,
				7FE892DC2C91F1B6005B4FC8 /* TrainTroopsViewExtensions.swift */,
				7FEB39D62C8C5387006166DE /* HomeViewExtensions.swift */,
				7F4626712C90A47500DDB4C3 /* ClanViewExtensions.swift */,
				7FE892D02C91F0A7005B4FC8 /* VocabTrainViewExtensions.swift */,
				7FE892D22C91F0CB005B4FC8 /* MathTrainViewExtensions.swift */,
				7FE892D82C91F154005B4FC8 /* VocabViewExtensions.swift */,
				7FE892D42C91F0F8005B4FC8 /* MathViewExtensions.swift */,
				E813C7452C79A22800167B49 /* RegisterViewExtensions.swift */,
			);
			path = Extensions;
			sourceTree = "<group>";
		};
		E813C7412C799FED00167B49 /* ViewModifiers */ = {
			isa = PBXGroup;
			children = (
				E813C7422C79A02D00167B49 /* LoginViewViewModifiers.swift */,
				7FEB39D42C8C5290006166DE /* HomeViewModifiers.swift */,
				E813C7472C79A24900167B49 /* RegisterViewViewModifiers.swift */,
				7FE892DA2C91F17D005B4FC8 /* TrainTroopsViewModifiers.swift */,
				7F46266F2C90A42E00DDB4C3 /* ClanViewModifier.swift */,
				7FE892CA2C91EFF1005B4FC8 /* VocabTrainViewModifiers.swift */,
				7FE892CC2C91F015005B4FC8 /* MathTrainViewModifiers.swift */,
				7FE892D62C91F11F005B4FC8 /* VocabViewModifiers.swift */,
				7FE892CE2C91F061005B4FC8 /* MathViewModifiers.swift */,
				7F7654D52C8F34180080E3CA /* QuizViewModifiers.swift */,
			);
			path = ViewModifiers;
			sourceTree = "<group>";
		};
		E813C74D2C79A3E100167B49 /* Customs */ = {
			isa = PBXGroup;
			children = (
				E813C74E2C79A3EC00167B49 /* CustomColors.swift */,
				E813C7572C79DF4200167B49 /* KeychainManager.swift */,
			);
			path = Customs;
			sourceTree = "<group>";
		};
		E813C7BB2C90A97A00167B49 /* Managers */ = {
			isa = PBXGroup;
			children = (
				E813C7BC2C90A98A00167B49 /* SocketIOManager.swift */,
			);
			path = Managers;
			sourceTree = "<group>";
		};
/* End PBXGroup section */

/* Begin PBXNativeTarget section */
		E813C7222C77853E00167B49 /* EducaFun */ = {
			isa = PBXNativeTarget;
			buildConfigurationList = E813C7312C77853F00167B49 /* Build configuration list for PBXNativeTarget "EducaFun" */;
			buildPhases = (
				E813C71F2C77853E00167B49 /* Sources */,
				E813C7202C77853E00167B49 /* Frameworks */,
				E813C7212C77853E00167B49 /* Resources */,
			);
			buildRules = (
			);
			dependencies = (
			);
			name = EducaFun;
			packageProductDependencies = (
				E813C7552C79D30900167B49 /* KeychainSwift */,
				E813C7642C7AE84400167B49 /* AlertToast */,
				E813C7BF2C90A9AD00167B49 /* SocketIO */,
				7FDB00432C93F54000A03E87 /* SplineRuntime */,
			);
			productName = EducaFun;
			productReference = E813C7232C77853E00167B49 /* EducaFun.app */;
			productType = "com.apple.product-type.application";
		};
/* End PBXNativeTarget section */

/* Begin PBXProject section */
		E813C71B2C77853E00167B49 /* Project object */ = {
			isa = PBXProject;
			attributes = {
				BuildIndependentTargetsInParallel = 1;
				LastSwiftUpdateCheck = 1540;
				LastUpgradeCheck = 1540;
				TargetAttributes = {
					E813C7222C77853E00167B49 = {
						CreatedOnToolsVersion = 15.4;
					};
				};
			};
			buildConfigurationList = E813C71E2C77853E00167B49 /* Build configuration list for PBXProject "EducaFun" */;
			compatibilityVersion = "Xcode 14.0";
			developmentRegion = en;
			hasScannedForEncodings = 0;
			knownRegions = (
				en,
				Base,
			);
			mainGroup = E813C71A2C77853E00167B49;
			packageReferences = (
				E813C7542C79D30900167B49 /* XCRemoteSwiftPackageReference "keychain-swift" */,
				E813C7632C7AE84400167B49 /* XCRemoteSwiftPackageReference "AlertToast" */,
				E813C7BE2C90A9AD00167B49 /* XCRemoteSwiftPackageReference "socket.io-client-swift" */,
				7FDB00422C93F54000A03E87 /* XCRemoteSwiftPackageReference "spline-ios" */,
			);
			productRefGroup = E813C7242C77853E00167B49 /* Products */;
			projectDirPath = "";
			projectRoot = "";
			targets = (
				E813C7222C77853E00167B49 /* EducaFun */,
			);
		};
/* End PBXProject section */

/* Begin PBXResourcesBuildPhase section */
		E813C7212C77853E00167B49 /* Resources */ = {
			isa = PBXResourcesBuildPhase;
			buildActionMask = 2147483647;
			files = (
				E813C72E2C77853F00167B49 /* Preview Assets.xcassets in Resources */,
				E813C72B2C77853F00167B49 /* Assets.xcassets in Resources */,
			);
			runOnlyForDeploymentPostprocessing = 0;
		};
/* End PBXResourcesBuildPhase section */

/* Begin PBXSourcesBuildPhase section */
		E813C71F2C77853E00167B49 /* Sources */ = {
			isa = PBXSourcesBuildPhase;
			buildActionMask = 2147483647;
			files = (
				E813C7582C79DF4200167B49 /* KeychainManager.swift in Sources */,
				7FE892CF2C91F061005B4FC8 /* MathViewModifiers.swift in Sources */,
				7FDB004E2C941E4800A03E87 /* EnvironmentLabView.swift in Sources */,
				7FDB004A2C940AC100A03E87 /* RoboticsLabView.swift in Sources */,
				7FE892CB2C91EFF1005B4FC8 /* VocabTrainViewModifiers.swift in Sources */,
				E813C74C2C79A28600167B49 /* RegisterViewViewModel.swift in Sources */,
				E813C7292C77853E00167B49 /* ContentView.swift in Sources */,
				7FE892D72C91F11F005B4FC8 /* VocabViewModifiers.swift in Sources */,
				7FE892CD2C91F015005B4FC8 /* MathTrainViewModifiers.swift in Sources */,
				7FE892DF2C91F20B005B4FC8 /* VocabTrainViewModel.swift in Sources */,
				7F7654DA2C8F345F0080E3CA /* QuizViewModel.swift in Sources */,
				7FE892D12C91F0A7005B4FC8 /* VocabTrainViewExtensions.swift in Sources */,
				E813C7BD2C90A98A00167B49 /* SocketIOManager.swift in Sources */,
				7FE892C92C91C8CC005B4FC8 /* VocabTrainView.swift in Sources */,
				7F46266C2C909A1100DDB4C3 /* ChatView.swift in Sources */,
				7F945E912C8CA4200081245F /* HomeViewModel.swift in Sources */,
				E813C7462C79A22800167B49 /* RegisterViewExtensions.swift in Sources */,
				E813C7402C799FAD00167B49 /* LoginViewExtensions.swift in Sources */,
				7FE892C72C91C8AD005B4FC8 /* MathTrainView.swift in Sources */,
				E813C7372C7794BA00167B49 /* RegisterView.swift in Sources */,
				7F7654D82C8F343C0080E3CA /* QuizViewExtensions.swift in Sources */,
				7F781BE42C8C34BF0090E225 /* ClanView.swift in Sources */,
				7F7654D62C8F34180080E3CA /* QuizViewModifiers.swift in Sources */,
				E813C75C2C79F63600167B49 /* TestView.swift in Sources */,
				7FE892E32C91F3B7005B4FC8 /* MathViewModel.swift in Sources */,
				7FDB00502C943D4800A03E87 /* GlobalChatView.swift in Sources */,
				7FE892D32C91F0CB005B4FC8 /* MathTrainViewExtensions.swift in Sources */,
				E813C75E2C79F8E100167B49 /* ContentViewViewModel.swift in Sources */,
				7FEB39D52C8C5290006166DE /* HomeViewModifiers.swift in Sources */,
				E813C74F2C79A3EC00167B49 /* CustomColors.swift in Sources */,
				7F781BE02C8C325F0090E225 /* FunLabView.swift in Sources */,
				7FE892E12C91F305005B4FC8 /* MathTrainViewModel.swift in Sources */,
				7F4626702C90A42E00DDB4C3 /* ClanViewModifier.swift in Sources */,
				E813C7602C7A009200167B49 /* RefreshTokenModel.swift in Sources */,
				E813C74A2C79A27B00167B49 /* LoginViewViewModel.swift in Sources */,
				7F4626722C90A47500DDB4C3 /* ClanViewExtensions.swift in Sources */,
				E813C7392C7796A700167B49 /* LoginView.swift in Sources */,
				7F7654D42C8F1AAB0080E3CA /* VocabView.swift in Sources */,
				E813C7432C79A02D00167B49 /* LoginViewViewModifiers.swift in Sources */,
				E813C7272C77853E00167B49 /* EducaFunApp.swift in Sources */,
				E813C7512C79AE3B00167B49 /* UserModel.swift in Sources */,
				7F781BE62C8C34DB0090E225 /* EducaAIView.swift in Sources */,
				7F4626742C90A4A600DDB4C3 /* ClanViewModel.swift in Sources */,
				7FE892D52C91F0F8005B4FC8 /* MathViewExtensions.swift in Sources */,
				E813C75A2C79E63800167B49 /* SessionModel.swift in Sources */,
				7FDB00462C94011400A03E87 /* BioView.swift in Sources */,
				7F781BE22C8C34A20090E225 /* QuizView.swift in Sources */,
				7FDB004C2C940F5500A03E87 /* AbstractLabView.swift in Sources */,
				7FE892DB2C91F17D005B4FC8 /* TrainTroopsViewModifiers.swift in Sources */,
				7FBC62B62C8DBE8D004AB1E0 /* MathView.swift in Sources */,
				7FE892DD2C91F1B6005B4FC8 /* TrainTroopsViewExtensions.swift in Sources */,
				7FE892E52C91F445005B4FC8 /* VocabViewModel.swift in Sources */,
				7F46266A2C90983D00DDB4C3 /* TrainTroopsView.swift in Sources */,
				7FE892D92C91F154005B4FC8 /* VocabViewExtensions.swift in Sources */,
				E813C7622C7A0E6A00167B49 /* HomePageView.swift in Sources */,
				E813C7482C79A24900167B49 /* RegisterViewViewModifiers.swift in Sources */,
				7FEB39D72C8C5387006166DE /* HomeViewExtensions.swift in Sources */,
			);
			runOnlyForDeploymentPostprocessing = 0;
		};
/* End PBXSourcesBuildPhase section */

/* Begin XCBuildConfiguration section */
		E813C72F2C77853F00167B49 /* Debug */ = {
			isa = XCBuildConfiguration;
			buildSettings = {
				ALWAYS_SEARCH_USER_PATHS = NO;
				ASSETCATALOG_COMPILER_GENERATE_SWIFT_ASSET_SYMBOL_EXTENSIONS = YES;
				CLANG_ANALYZER_NONNULL = YES;
				CLANG_ANALYZER_NUMBER_OBJECT_CONVERSION = YES_AGGRESSIVE;
				CLANG_CXX_LANGUAGE_STANDARD = "gnu++20";
				CLANG_ENABLE_MODULES = YES;
				CLANG_ENABLE_OBJC_ARC = YES;
				CLANG_ENABLE_OBJC_WEAK = YES;
				CLANG_WARN_BLOCK_CAPTURE_AUTORELEASING = YES;
				CLANG_WARN_BOOL_CONVERSION = YES;
				CLANG_WARN_COMMA = YES;
				CLANG_WARN_CONSTANT_CONVERSION = YES;
				CLANG_WARN_DEPRECATED_OBJC_IMPLEMENTATIONS = YES;
				CLANG_WARN_DIRECT_OBJC_ISA_USAGE = YES_ERROR;
				CLANG_WARN_DOCUMENTATION_COMMENTS = YES;
				CLANG_WARN_EMPTY_BODY = YES;
				CLANG_WARN_ENUM_CONVERSION = YES;
				CLANG_WARN_INFINITE_RECURSION = YES;
				CLANG_WARN_INT_CONVERSION = YES;
				CLANG_WARN_NON_LITERAL_NULL_CONVERSION = YES;
				CLANG_WARN_OBJC_IMPLICIT_RETAIN_SELF = YES;
				CLANG_WARN_OBJC_LITERAL_CONVERSION = YES;
				CLANG_WARN_OBJC_ROOT_CLASS = YES_ERROR;
				CLANG_WARN_QUOTED_INCLUDE_IN_FRAMEWORK_HEADER = YES;
				CLANG_WARN_RANGE_LOOP_ANALYSIS = YES;
				CLANG_WARN_STRICT_PROTOTYPES = YES;
				CLANG_WARN_SUSPICIOUS_MOVE = YES;
				CLANG_WARN_UNGUARDED_AVAILABILITY = YES_AGGRESSIVE;
				CLANG_WARN_UNREACHABLE_CODE = YES;
				CLANG_WARN__DUPLICATE_METHOD_MATCH = YES;
				COPY_PHASE_STRIP = NO;
				DEBUG_INFORMATION_FORMAT = dwarf;
				ENABLE_STRICT_OBJC_MSGSEND = YES;
				ENABLE_TESTABILITY = YES;
				ENABLE_USER_SCRIPT_SANDBOXING = YES;
				GCC_C_LANGUAGE_STANDARD = gnu17;
				GCC_DYNAMIC_NO_PIC = NO;
				GCC_NO_COMMON_BLOCKS = YES;
				GCC_OPTIMIZATION_LEVEL = 0;
				GCC_PREPROCESSOR_DEFINITIONS = (
					"DEBUG=1",
					"$(inherited)",
				);
				GCC_WARN_64_TO_32_BIT_CONVERSION = YES;
				GCC_WARN_ABOUT_RETURN_TYPE = YES_ERROR;
				GCC_WARN_UNDECLARED_SELECTOR = YES;
				GCC_WARN_UNINITIALIZED_AUTOS = YES_AGGRESSIVE;
				GCC_WARN_UNUSED_FUNCTION = YES;
				GCC_WARN_UNUSED_VARIABLE = YES;
				IPHONEOS_DEPLOYMENT_TARGET = 17.5;
				LOCALIZATION_PREFERS_STRING_CATALOGS = YES;
				MTL_ENABLE_DEBUG_INFO = INCLUDE_SOURCE;
				MTL_FAST_MATH = YES;
				ONLY_ACTIVE_ARCH = YES;
				SDKROOT = iphoneos;
				SWIFT_ACTIVE_COMPILATION_CONDITIONS = "DEBUG $(inherited)";
				SWIFT_OPTIMIZATION_LEVEL = "-Onone";
			};
			name = Debug;
		};
		E813C7302C77853F00167B49 /* Release */ = {
			isa = XCBuildConfiguration;
			buildSettings = {
				ALWAYS_SEARCH_USER_PATHS = NO;
				ASSETCATALOG_COMPILER_GENERATE_SWIFT_ASSET_SYMBOL_EXTENSIONS = YES;
				CLANG_ANALYZER_NONNULL = YES;
				CLANG_ANALYZER_NUMBER_OBJECT_CONVERSION = YES_AGGRESSIVE;
				CLANG_CXX_LANGUAGE_STANDARD = "gnu++20";
				CLANG_ENABLE_MODULES = YES;
				CLANG_ENABLE_OBJC_ARC = YES;
				CLANG_ENABLE_OBJC_WEAK = YES;
				CLANG_WARN_BLOCK_CAPTURE_AUTORELEASING = YES;
				CLANG_WARN_BOOL_CONVERSION = YES;
				CLANG_WARN_COMMA = YES;
				CLANG_WARN_CONSTANT_CONVERSION = YES;
				CLANG_WARN_DEPRECATED_OBJC_IMPLEMENTATIONS = YES;
				CLANG_WARN_DIRECT_OBJC_ISA_USAGE = YES_ERROR;
				CLANG_WARN_DOCUMENTATION_COMMENTS = YES;
				CLANG_WARN_EMPTY_BODY = YES;
				CLANG_WARN_ENUM_CONVERSION = YES;
				CLANG_WARN_INFINITE_RECURSION = YES;
				CLANG_WARN_INT_CONVERSION = YES;
				CLANG_WARN_NON_LITERAL_NULL_CONVERSION = YES;
				CLANG_WARN_OBJC_IMPLICIT_RETAIN_SELF = YES;
				CLANG_WARN_OBJC_LITERAL_CONVERSION = YES;
				CLANG_WARN_OBJC_ROOT_CLASS = YES_ERROR;
				CLANG_WARN_QUOTED_INCLUDE_IN_FRAMEWORK_HEADER = YES;
				CLANG_WARN_RANGE_LOOP_ANALYSIS = YES;
				CLANG_WARN_STRICT_PROTOTYPES = YES;
				CLANG_WARN_SUSPICIOUS_MOVE = YES;
				CLANG_WARN_UNGUARDED_AVAILABILITY = YES_AGGRESSIVE;
				CLANG_WARN_UNREACHABLE_CODE = YES;
				CLANG_WARN__DUPLICATE_METHOD_MATCH = YES;
				COPY_PHASE_STRIP = NO;
				DEBUG_INFORMATION_FORMAT = "dwarf-with-dsym";
				ENABLE_NS_ASSERTIONS = NO;
				ENABLE_STRICT_OBJC_MSGSEND = YES;
				ENABLE_USER_SCRIPT_SANDBOXING = YES;
				GCC_C_LANGUAGE_STANDARD = gnu17;
				GCC_NO_COMMON_BLOCKS = YES;
				GCC_WARN_64_TO_32_BIT_CONVERSION = YES;
				GCC_WARN_ABOUT_RETURN_TYPE = YES_ERROR;
				GCC_WARN_UNDECLARED_SELECTOR = YES;
				GCC_WARN_UNINITIALIZED_AUTOS = YES_AGGRESSIVE;
				GCC_WARN_UNUSED_FUNCTION = YES;
				GCC_WARN_UNUSED_VARIABLE = YES;
				IPHONEOS_DEPLOYMENT_TARGET = 17.5;
				LOCALIZATION_PREFERS_STRING_CATALOGS = YES;
				MTL_ENABLE_DEBUG_INFO = NO;
				MTL_FAST_MATH = YES;
				SDKROOT = iphoneos;
				SWIFT_COMPILATION_MODE = wholemodule;
				VALIDATE_PRODUCT = YES;
			};
			name = Release;
		};
		E813C7322C77853F00167B49 /* Debug */ = {
			isa = XCBuildConfiguration;
			buildSettings = {
				ASSETCATALOG_COMPILER_APPICON_NAME = AppIcon;
				ASSETCATALOG_COMPILER_GLOBAL_ACCENT_COLOR_NAME = AccentColor;
				CODE_SIGN_STYLE = Automatic;
				CURRENT_PROJECT_VERSION = 1;
				DEVELOPMENT_ASSET_PATHS = "\"EducaFun/Preview Content\"";
				ENABLE_PREVIEWS = YES;
				GENERATE_INFOPLIST_FILE = YES;
				INFOPLIST_KEY_UIApplicationSceneManifest_Generation = YES;
				INFOPLIST_KEY_UIApplicationSupportsIndirectInputEvents = YES;
				INFOPLIST_KEY_UILaunchScreen_Generation = YES;
				INFOPLIST_KEY_UISupportedInterfaceOrientations_iPad = "UIInterfaceOrientationPortrait UIInterfaceOrientationPortraitUpsideDown UIInterfaceOrientationLandscapeLeft UIInterfaceOrientationLandscapeRight";
				INFOPLIST_KEY_UISupportedInterfaceOrientations_iPhone = "UIInterfaceOrientationPortrait UIInterfaceOrientationLandscapeLeft UIInterfaceOrientationLandscapeRight";
				LD_RUNPATH_SEARCH_PATHS = (
					"$(inherited)",
					"@executable_path/Frameworks",
				);
				MARKETING_VERSION = 1.0;
				PRODUCT_BUNDLE_IDENTIFIER = com.vikash.EducaFun;
				PRODUCT_NAME = "$(TARGET_NAME)";
				SWIFT_EMIT_LOC_STRINGS = YES;
				SWIFT_VERSION = 5.0;
				TARGETED_DEVICE_FAMILY = "1,2";
			};
			name = Debug;
		};
		E813C7332C77853F00167B49 /* Release */ = {
			isa = XCBuildConfiguration;
			buildSettings = {
				ASSETCATALOG_COMPILER_APPICON_NAME = AppIcon;
				ASSETCATALOG_COMPILER_GLOBAL_ACCENT_COLOR_NAME = AccentColor;
				CODE_SIGN_STYLE = Automatic;
				CURRENT_PROJECT_VERSION = 1;
				DEVELOPMENT_ASSET_PATHS = "\"EducaFun/Preview Content\"";
				ENABLE_PREVIEWS = YES;
				GENERATE_INFOPLIST_FILE = YES;
				INFOPLIST_KEY_UIApplicationSceneManifest_Generation = YES;
				INFOPLIST_KEY_UIApplicationSupportsIndirectInputEvents = YES;
				INFOPLIST_KEY_UILaunchScreen_Generation = YES;
				INFOPLIST_KEY_UISupportedInterfaceOrientations_iPad = "UIInterfaceOrientationPortrait UIInterfaceOrientationPortraitUpsideDown UIInterfaceOrientationLandscapeLeft UIInterfaceOrientationLandscapeRight";
				INFOPLIST_KEY_UISupportedInterfaceOrientations_iPhone = "UIInterfaceOrientationPortrait UIInterfaceOrientationLandscapeLeft UIInterfaceOrientationLandscapeRight";
				LD_RUNPATH_SEARCH_PATHS = (
					"$(inherited)",
					"@executable_path/Frameworks",
				);
				MARKETING_VERSION = 1.0;
				PRODUCT_BUNDLE_IDENTIFIER = com.vikash.EducaFun;
				PRODUCT_NAME = "$(TARGET_NAME)";
				SWIFT_EMIT_LOC_STRINGS = YES;
				SWIFT_VERSION = 5.0;
				TARGETED_DEVICE_FAMILY = "1,2";
			};
			name = Release;
		};
/* End XCBuildConfiguration section */

/* Begin XCConfigurationList section */
		E813C71E2C77853E00167B49 /* Build configuration list for PBXProject "EducaFun" */ = {
			isa = XCConfigurationList;
			buildConfigurations = (
				E813C72F2C77853F00167B49 /* Debug */,
				E813C7302C77853F00167B49 /* Release */,
			);
			defaultConfigurationIsVisible = 0;
			defaultConfigurationName = Release;
		};
		E813C7312C77853F00167B49 /* Build configuration list for PBXNativeTarget "EducaFun" */ = {
			isa = XCConfigurationList;
			buildConfigurations = (
				E813C7322C77853F00167B49 /* Debug */,
				E813C7332C77853F00167B49 /* Release */,
			);
			defaultConfigurationIsVisible = 0;
			defaultConfigurationName = Release;
		};
/* End XCConfigurationList section */

/* Begin XCRemoteSwiftPackageReference section */
		7FDB00422C93F54000A03E87 /* XCRemoteSwiftPackageReference "spline-ios" */ = {
			isa = XCRemoteSwiftPackageReference;
			repositoryURL = "https://github.com/splinetool/spline-ios";
			requirement = {
				branch = main;
				kind = branch;
			};
		};
		E813C7542C79D30900167B49 /* XCRemoteSwiftPackageReference "keychain-swift" */ = {
			isa = XCRemoteSwiftPackageReference;
			repositoryURL = "https://github.com/evgenyneu/keychain-swift.git";
			requirement = {
				kind = upToNextMajorVersion;
				minimumVersion = 24.0.0;
			};
		};
		E813C7632C7AE84400167B49 /* XCRemoteSwiftPackageReference "AlertToast" */ = {
			isa = XCRemoteSwiftPackageReference;
			repositoryURL = "https://github.com/elai950/AlertToast.git";
			requirement = {
				kind = upToNextMajorVersion;
				minimumVersion = 1.3.9;
			};
		};
		E813C7BE2C90A9AD00167B49 /* XCRemoteSwiftPackageReference "socket.io-client-swift" */ = {
			isa = XCRemoteSwiftPackageReference;
			repositoryURL = "https://github.com/socketio/socket.io-client-swift.git";
			requirement = {
				branch = master;
				kind = branch;
			};
		};
/* End XCRemoteSwiftPackageReference section */

/* Begin XCSwiftPackageProductDependency section */
		7FDB00432C93F54000A03E87 /* SplineRuntime */ = {
			isa = XCSwiftPackageProductDependency;
			package = 7FDB00422C93F54000A03E87 /* XCRemoteSwiftPackageReference "spline-ios" */;
			productName = SplineRuntime;
		};
		E813C7552C79D30900167B49 /* KeychainSwift */ = {
			isa = XCSwiftPackageProductDependency;
			package = E813C7542C79D30900167B49 /* XCRemoteSwiftPackageReference "keychain-swift" */;
			productName = KeychainSwift;
		};
		E813C7642C7AE84400167B49 /* AlertToast */ = {
			isa = XCSwiftPackageProductDependency;
			package = E813C7632C7AE84400167B49 /* XCRemoteSwiftPackageReference "AlertToast" */;
			productName = AlertToast;
		};
		E813C7BF2C90A9AD00167B49 /* SocketIO */ = {
			isa = XCSwiftPackageProductDependency;
			package = E813C7BE2C90A9AD00167B49 /* XCRemoteSwiftPackageReference "socket.io-client-swift" */;
			productName = SocketIO;
		};
/* End XCSwiftPackageProductDependency section */
	};
	rootObject = E813C71B2C77853E00167B49 /* Project object */;
}
