{
  "originHash" : "7441b320d6263d8b644e8286285f81ffbeb2944c5c1fb2ff62416a84893f1ff6",
  "pins" : [
    {
      "identity" : "alerttoast",
      "kind" : "remoteSourceControl",
      "location" : "https://github.com/elai950/AlertToast.git",
      "state" : {
        "revision" : "b39252eacd159904afd7d718bba0afabb87f2f2f",
        "version" : "1.3.9"
      }
    },
    {
      "identity" : "keychain-swift",
      "kind" : "remoteSourceControl",
      "location" : "https://github.com/evgenyneu/keychain-swift.git",
      "state" : {
        "revision" : "5e1b02b6a9dac2a759a1d5dbc175c86bd192a608",
        "version" : "24.0.0"
      }
    },
    {
      "identity" : "socket.io-client-swift",
      "kind" : "remoteSourceControl",
      "location" : "https://github.com/socketio/socket.io-client-swift.git",
      "state" : {
        "branch" : "master",
        "revision" : "175da8b5156f6b132436f0676cc84c2f6a766b6e"
      }
    },
    {
      "identity" : "spline-ios",
      "kind" : "remoteSourceControl",
      "location" : "https://github.com/splinetool/spline-ios",
      "state" : {
        "branch" : "main",
        "revision" : "c72f24495cf592a979552d8fb036dedd997ffe43"
      }
    },
    {
      "identity" : "starscream",
      "kind" : "remoteSourceControl",
      "location" : "https://github.com/daltoniam/Starscream",
      "state" : {
        "revision" : "ac6c0fc9da221873e01bd1a0d4818498a71eef33",
        "version" : "4.0.6"
      }
    }
  ],
  "version" : 3
}
